
Microsoft Visual Studio Solution File, Format Version 12.00
# Visual Studio Version 16
VisualStudioVersion = 16.0.30225.117
MinimumVisualStudioVersion = 10.0.40219.1
Project("{FAE04EC0-301F-11D3-BF4B-00C04F79EFBC}") = "BookingTicketTrain", "BookingTicketTrain\BookingTicketTrain.csproj", "{445780A1-365D-4EDD-9162-295F60EA59C5}"
EndProject
Global
	GlobalSection(SolutionConfigurationPlatforms) = preSolution
		Debug|Any CPU = Debug|Any CPU
		Release|Any CPU = Release|Any CPU
	EndGlobalSection
	GlobalSection(ProjectConfigurationPlatforms) = postSolution
		{445780A1-365D-4EDD-9162-295F60EA59C5}.Debug|Any CPU.ActiveCfg = Debug|Any CPU
		{445780A1-365D-4EDD-9162-295F60EA59C5}.Debug|Any CPU.Build.0 = Debug|Any CPU
		{445780A1-365D-4EDD-9162-295F60EA59C5}.Release|Any CPU.ActiveCfg = Release|Any CPU
		{445780A1-365D-4EDD-9162-295F60EA59C5}.Release|Any CPU.Build.0 = Release|Any CPU
	EndGlobalSection
	GlobalSection(SolutionProperties) = preSolution
		HideSolutionNode = FALSE
	EndGlobalSection
	GlobalSection(ExtensibilityGlobals) = postSolution
		SolutionGuid = {F7C955BC-51E4-4CFD-9C8C-4EF2F59A1D44}
	EndGlobalSection
EndGlobal
